// !$*UTF8*$!
{
	archiveVersion = 1;
	classes = {
	};
	objectVersion = 50;
	objects = {

/* Begin PBXBuildFile section */
		9624793C27AF0093002CE450 /* ColorExtension.swift in Sources */ = {isa = PBXBuildFile; fileRef = 9624793B27AF0093002CE450 /* ColorExtension.swift */; };
		96717ECF26B1E0E4004E7663 /* AppDelegate.swift in Sources */ = {isa = PBXBuildFile; fileRef = 96717ECE26B1E0E4004E7663 /* AppDelegate.swift */; };
		96717ED126B1E0E4004E7663 /* SceneDelegate.swift in Sources */ = {isa = PBXBuildFile; fileRef = 96717ED026B1E0E4004E7663 /* SceneDelegate.swift */; };
		96717ED626B1E0E4004E7663 /* Main.storyboard in Resources */ = {isa = PBXBuildFile; fileRef = 96717ED426B1E0E4004E7663 /* Main.storyboard */; };
		96717ED826B1E0E5004E7663 /* Assets.xcassets in Resources */ = {isa = PBXBuildFile; fileRef = 96717ED726B1E0E5004E7663 /* Assets.xcassets */; };
		96717EDB26B1E0E6004E7663 /* LaunchScreen.storyboard in Resources */ = {isa = PBXBuildFile; fileRef = 96717ED926B1E0E6004E7663 /* LaunchScreen.storyboard */; };
		96717EE626B1E0E6004E7663 /* GenericTableViewTests.swift in Sources */ = {isa = PBXBuildFile; fileRef = 96717EE526B1E0E6004E7663 /* GenericTableViewTests.swift */; };
		96717EF126B1E0E6004E7663 /* GenericTableViewUITests.swift in Sources */ = {isa = PBXBuildFile; fileRef = 96717EF026B1E0E6004E7663 /* GenericTableViewUITests.swift */; };
		96717F0226B1E171004E7663 /* SuperTableViewController.swift in Sources */ = {isa = PBXBuildFile; fileRef = 96717F0126B1E171004E7663 /* SuperTableViewController.swift */; };
		96717F0B26B1E1FE004E7663 /* SuperTableViewCell.swift in Sources */ = {isa = PBXBuildFile; fileRef = 96717F0926B1E1FE004E7663 /* SuperTableViewCell.swift */; };
		96717F0C26B1E1FE004E7663 /* SuperTableViewCell.xib in Resources */ = {isa = PBXBuildFile; fileRef = 96717F0A26B1E1FE004E7663 /* SuperTableViewCell.xib */; };
		96717F1126B1E28F004E7663 /* CustomTableCellOne.swift in Sources */ = {isa = PBXBuildFile; fileRef = 96717F1026B1E28F004E7663 /* CustomTableCellOne.swift */; };
		96717F1926B1E2B8004E7663 /* CustomTableCellOne.xib in Resources */ = {isa = PBXBuildFile; fileRef = 96717F1826B1E2B8004E7663 /* CustomTableCellOne.xib */; };
		96717F2226B1E301004E7663 /* CustomTableCellTwo.xib in Resources */ = {isa = PBXBuildFile; fileRef = 96717F2126B1E301004E7663 /* CustomTableCellTwo.xib */; };
		96717F2726B1E32C004E7663 /* CustomTableCellTwo.swift in Sources */ = {isa = PBXBuildFile; fileRef = 96717F2626B1E32C004E7663 /* CustomTableCellTwo.swift */; };
		96717F3526B866D0004E7663 /* SuperTableViewModel.swift in Sources */ = {isa = PBXBuildFile; fileRef = 96717F3426B866D0004E7663 /* SuperTableViewModel.swift */; };
		96717F3E26C05D09004E7663 /* CustomeSwiftuiTableCell.swift in Sources */ = {isa = PBXBuildFile; fileRef = 96717F3D26C05D09004E7663 /* CustomeSwiftuiTableCell.swift */; };
		969031DF275C099B00886506 /* MockSuperTableViewModel.swift in Sources */ = {isa = PBXBuildFile; fileRef = 969031DE275C099B00886506 /* MockSuperTableViewModel.swift */; };
		9692E18D26F90C5700F43493 /* CustomTableCellViewModel.swift in Sources */ = {isa = PBXBuildFile; fileRef = 9692E18C26F90C5700F43493 /* CustomTableCellViewModel.swift */; };
		9692E19526F9224A00F43493 /* SwiftUICellLocator.swift in Sources */ = {isa = PBXBuildFile; fileRef = 9692E19426F9224A00F43493 /* SwiftUICellLocator.swift */; };
		9692E19A26F9227E00F43493 /* MockBuilder.swift in Sources */ = {isa = PBXBuildFile; fileRef = 9692E19926F9227E00F43493 /* MockBuilder.swift */; };
		9692E19F26F922BF00F43493 /* ViewExtension.swift in Sources */ = {isa = PBXBuildFile; fileRef = 9692E19E26F922BF00F43493 /* ViewExtension.swift */; };
		9692E1A826FA5C4B00F43493 /* HomeViewController.swift in Sources */ = {isa = PBXBuildFile; fileRef = 9692E1A726FA5C4B00F43493 /* HomeViewController.swift */; };
		9692E1AD26FA640E00F43493 /* HostingTableViewCell.swift in Sources */ = {isa = PBXBuildFile; fileRef = 9692E1AC26FA640E00F43493 /* HostingTableViewCell.swift */; };
		9692E1B526FD096E00F43493 /* SuperTableViewCellView.swift in Sources */ = {isa = PBXBuildFile; fileRef = 9692E1B426FD096E00F43493 /* SuperTableViewCellView.swift */; };
/* End PBXBuildFile section */

/* Begin PBXContainerItemProxy section */
		96717EE226B1E0E6004E7663 /* PBXContainerItemProxy */ = {
			isa = PBXContainerItemProxy;
			containerPortal = 96717EC326B1E0E4004E7663 /* Project object */;
			proxyType = 1;
			remoteGlobalIDString = 96717ECA26B1E0E4004E7663;
			remoteInfo = GenericTableView;
		};
		96717EED26B1E0E6004E7663 /* PBXContainerItemProxy */ = {
			isa = PBXContainerItemProxy;
			containerPortal = 96717EC326B1E0E4004E7663 /* Project object */;
			proxyType = 1;
			remoteGlobalIDString = 96717ECA26B1E0E4004E7663;
			remoteInfo = GenericTableView;
		};
/* End PBXContainerItemProxy section */

/* Begin PBXFileReference section */
		9624793B27AF0093002CE450 /* ColorExtension.swift */ = {isa = PBXFileReference; lastKnownFileType = sourcecode.swift; path = ColorExtension.swift; sourceTree = "<group>"; };
		96717ECB26B1E0E4004E7663 /* GenericTableView.app */ = {isa = PBXFileReference; explicitFileType = wrapper.application; includeInIndex = 0; path = GenericTableView.app; sourceTree = BUILT_PRODUCTS_DIR; };
		96717ECE26B1E0E4004E7663 /* AppDelegate.swift */ = {isa = PBXFileReference; lastKnownFileType = sourcecode.swift; path = AppDelegate.swift; sourceTree = "<group>"; };
		96717ED026B1E0E4004E7663 /* SceneDelegate.swift */ = {isa = PBXFileReference; lastKnownFileType = sourcecode.swift; path = SceneDelegate.swift; sourceTree = "<group>"; };
		96717ED526B1E0E4004E7663 /* Base */ = {isa = PBXFileReference; lastKnownFileType = file.storyboard; name = Base; path = Base.lproj/Main.storyboard; sourceTree = "<group>"; };
		96717ED726B1E0E5004E7663 /* Assets.xcassets */ = {isa = PBXFileReference; lastKnownFileType = folder.assetcatalog; path = Assets.xcassets; sourceTree = "<group>"; };
		96717EDA26B1E0E6004E7663 /* Base */ = {isa = PBXFileReference; lastKnownFileType = file.storyboard; name = Base; path = Base.lproj/LaunchScreen.storyboard; sourceTree = "<group>"; };
		96717EDC26B1E0E6004E7663 /* Info.plist */ = {isa = PBXFileReference; lastKnownFileType = text.plist.xml; path = Info.plist; sourceTree = "<group>"; };
		96717EE126B1E0E6004E7663 /* GenericTableViewTests.xctest */ = {isa = PBXFileReference; explicitFileType = wrapper.cfbundle; includeInIndex = 0; path = GenericTableViewTests.xctest; sourceTree = BUILT_PRODUCTS_DIR; };
		96717EE526B1E0E6004E7663 /* GenericTableViewTests.swift */ = {isa = PBXFileReference; lastKnownFileType = sourcecode.swift; path = GenericTableViewTests.swift; sourceTree = "<group>"; };
		96717EE726B1E0E6004E7663 /* Info.plist */ = {isa = PBXFileReference; lastKnownFileType = text.plist.xml; path = Info.plist; sourceTree = "<group>"; };
		96717EEC26B1E0E6004E7663 /* GenericTableViewUITests.xctest */ = {isa = PBXFileReference; explicitFileType = wrapper.cfbundle; includeInIndex = 0; path = GenericTableViewUITests.xctest; sourceTree = BUILT_PRODUCTS_DIR; };
		96717EF026B1E0E6004E7663 /* GenericTableViewUITests.swift */ = {isa = PBXFileReference; lastKnownFileType = sourcecode.swift; path = GenericTableViewUITests.swift; sourceTree = "<group>"; };
		96717EF226B1E0E6004E7663 /* Info.plist */ = {isa = PBXFileReference; lastKnownFileType = text.plist.xml; path = Info.plist; sourceTree = "<group>"; };
		96717F0126B1E171004E7663 /* SuperTableViewController.swift */ = {isa = PBXFileReference; lastKnownFileType = sourcecode.swift; path = SuperTableViewController.swift; sourceTree = "<group>"; };
		96717F0926B1E1FE004E7663 /* SuperTableViewCell.swift */ = {isa = PBXFileReference; lastKnownFileType = sourcecode.swift; path = SuperTableViewCell.swift; sourceTree = "<group>"; };
		96717F0A26B1E1FE004E7663 /* SuperTableViewCell.xib */ = {isa = PBXFileReference; lastKnownFileType = file.xib; path = SuperTableViewCell.xib; sourceTree = "<group>"; };
		96717F1026B1E28F004E7663 /* CustomTableCellOne.swift */ = {isa = PBXFileReference; lastKnownFileType = sourcecode.swift; path = CustomTableCellOne.swift; sourceTree = "<group>"; };
		96717F1826B1E2B8004E7663 /* CustomTableCellOne.xib */ = {isa = PBXFileReference; lastKnownFileType = file.xib; path = CustomTableCellOne.xib; sourceTree = "<group>"; };
		96717F2126B1E301004E7663 /* CustomTableCellTwo.xib */ = {isa = PBXFileReference; lastKnownFileType = file.xib; path = CustomTableCellTwo.xib; sourceTree = "<group>"; };
		96717F2626B1E32C004E7663 /* CustomTableCellTwo.swift */ = {isa = PBXFileReference; lastKnownFileType = sourcecode.swift; path = CustomTableCellTwo.swift; sourceTree = "<group>"; };
		96717F3426B866D0004E7663 /* SuperTableViewModel.swift */ = {isa = PBXFileReference; lastKnownFileType = sourcecode.swift; path = SuperTableViewModel.swift; sourceTree = "<group>"; };
		96717F3D26C05D09004E7663 /* CustomeSwiftuiTableCell.swift */ = {isa = PBXFileReference; lastKnownFileType = sourcecode.swift; path = CustomeSwiftuiTableCell.swift; sourceTree = "<group>"; };
		969031DE275C099B00886506 /* MockSuperTableViewModel.swift */ = {isa = PBXFileReference; lastKnownFileType = sourcecode.swift; path = MockSuperTableViewModel.swift; sourceTree = "<group>"; };
		9692E18C26F90C5700F43493 /* CustomTableCellViewModel.swift */ = {isa = PBXFileReference; lastKnownFileType = sourcecode.swift; path = CustomTableCellViewModel.swift; sourceTree = "<group>"; };
		9692E19426F9224A00F43493 /* SwiftUICellLocator.swift */ = {isa = PBXFileReference; lastKnownFileType = sourcecode.swift; path = SwiftUICellLocator.swift; sourceTree = "<group>"; };
		9692E19926F9227E00F43493 /* MockBuilder.swift */ = {isa = PBXFileReference; lastKnownFileType = sourcecode.swift; path = MockBuilder.swift; sourceTree = "<group>"; };
		9692E19E26F922BF00F43493 /* ViewExtension.swift */ = {isa = PBXFileReference; lastKnownFileType = sourcecode.swift; path = ViewExtension.swift; sourceTree = "<group>"; };
		9692E1A726FA5C4B00F43493 /* HomeViewController.swift */ = {isa = PBXFileReference; lastKnownFileType = sourcecode.swift; path = HomeViewController.swift; sourceTree = "<group>"; };
		9692E1AC26FA640E00F43493 /* HostingTableViewCell.swift */ = {isa = PBXFileReference; lastKnownFileType = sourcecode.swift; path = HostingTableViewCell.swift; sourceTree = "<group>"; };
		9692E1B426FD096E00F43493 /* SuperTableViewCellView.swift */ = {isa = PBXFileReference; lastKnownFileType = sourcecode.swift; path = SuperTableViewCellView.swift; sourceTree = "<group>"; };
/* End PBXFileReference section */

/* Begin PBXFrameworksBuildPhase section */
		96717EC826B1E0E4004E7663 /* Frameworks */ = {
			isa = PBXFrameworksBuildPhase;
			buildActionMask = 2147483647;
			files = (
			);
			runOnlyForDeploymentPostprocessing = 0;
		};
		96717EDE26B1E0E6004E7663 /* Frameworks */ = {
			isa = PBXFrameworksBuildPhase;
			buildActionMask = 2147483647;
			files = (
			);
			runOnlyForDeploymentPostprocessing = 0;
		};
		96717EE926B1E0E6004E7663 /* Frameworks */ = {
			isa = PBXFrameworksBuildPhase;
			buildActionMask = 2147483647;
			files = (
			);
			runOnlyForDeploymentPostprocessing = 0;
		};
/* End PBXFrameworksBuildPhase section */

/* Begin PBXGroup section */
		96717EC226B1E0E4004E7663 = {
			isa = PBXGroup;
			children = (
				96717ECD26B1E0E4004E7663 /* GenericTableView */,
				96717EE426B1E0E6004E7663 /* GenericTableViewTests */,
				96717EEF26B1E0E6004E7663 /* GenericTableViewUITests */,
				96717ECC26B1E0E4004E7663 /* Products */,
			);
			sourceTree = "<group>";
		};
		96717ECC26B1E0E4004E7663 /* Products */ = {
			isa = PBXGroup;
			children = (
				96717ECB26B1E0E4004E7663 /* GenericTableView.app */,
				96717EE126B1E0E6004E7663 /* GenericTableViewTests.xctest */,
				96717EEC26B1E0E6004E7663 /* GenericTableViewUITests.xctest */,
			);
			name = Products;
			sourceTree = "<group>";
		};
		96717ECD26B1E0E4004E7663 /* GenericTableView */ = {
			isa = PBXGroup;
			children = (
				9692E1A326F922FF00F43493 /* Common */,
				969031C62755633700886506 /* Home */,
				969031C72755635700886506 /* GenericTableView */,
				969031CB275563D700886506 /* ViewModel */,
				96717F1D26B1E2D2004E7663 /* CustomCells */,
				969031CE2755643B00886506 /* Buillder */,
				969031D22755653000886506 /* Locator */,
				969031D32755655200886506 /* Utility */,
				969031D42755656D00886506 /* SupportingFiles */,
			);
			path = GenericTableView;
			sourceTree = "<group>";
		};
		96717EE426B1E0E6004E7663 /* GenericTableViewTests */ = {
			isa = PBXGroup;
			children = (
				96717EE526B1E0E6004E7663 /* GenericTableViewTests.swift */,
				96717EE726B1E0E6004E7663 /* Info.plist */,
			);
			path = GenericTableViewTests;
			sourceTree = "<group>";
		};
		96717EEF26B1E0E6004E7663 /* GenericTableViewUITests */ = {
			isa = PBXGroup;
			children = (
				96717EF026B1E0E6004E7663 /* GenericTableViewUITests.swift */,
				96717EF226B1E0E6004E7663 /* Info.plist */,
			);
			path = GenericTableViewUITests;
			sourceTree = "<group>";
		};
		96717F1D26B1E2D2004E7663 /* CustomCells */ = {
			isa = PBXGroup;
			children = (
				969031CC275563FB00886506 /* UIKitTableCellOne */,
				969031CD2755640E00886506 /* UIKitTableCellTwo */,
				96717F3C26C05CDF004E7663 /* SwiftUICell */,
			);
			path = CustomCells;
			sourceTree = "<group>";
		};
		96717F3C26C05CDF004E7663 /* SwiftUICell */ = {
			isa = PBXGroup;
			children = (
				96717F3D26C05D09004E7663 /* CustomeSwiftuiTableCell.swift */,
				9692E1AC26FA640E00F43493 /* HostingTableViewCell.swift */,
			);
			path = SwiftUICell;
			sourceTree = "<group>";
		};
		969031C62755633700886506 /* Home */ = {
			isa = PBXGroup;
			children = (
				9692E1A726FA5C4B00F43493 /* HomeViewController.swift */,
			);
			path = Home;
			sourceTree = "<group>";
		};
		969031C72755635700886506 /* GenericTableView */ = {
			isa = PBXGroup;
			children = (
				96717F0126B1E171004E7663 /* SuperTableViewController.swift */,
				96717F3426B866D0004E7663 /* SuperTableViewModel.swift */,
				9692E1B426FD096E00F43493 /* SuperTableViewCellView.swift */,
				96717F0926B1E1FE004E7663 /* SuperTableViewCell.swift */,
				96717F0A26B1E1FE004E7663 /* SuperTableViewCell.xib */,
			);
			path = GenericTableView;
			sourceTree = "<group>";
		};
		969031CB275563D700886506 /* ViewModel */ = {
			isa = PBXGroup;
			children = (
				9692E18C26F90C5700F43493 /* CustomTableCellViewModel.swift */,
			);
			path = ViewModel;
			sourceTree = "<group>";
		};
		969031CC275563FB00886506 /* UIKitTableCellOne */ = {
			isa = PBXGroup;
			children = (
				96717F1026B1E28F004E7663 /* CustomTableCellOne.swift */,
				96717F1826B1E2B8004E7663 /* CustomTableCellOne.xib */,
			);
			path = UIKitTableCellOne;
			sourceTree = "<group>";
		};
		969031CD2755640E00886506 /* UIKitTableCellTwo */ = {
			isa = PBXGroup;
			children = (
				96717F2626B1E32C004E7663 /* CustomTableCellTwo.swift */,
				96717F2126B1E301004E7663 /* CustomTableCellTwo.xib */,
			);
			path = UIKitTableCellTwo;
			sourceTree = "<group>";
		};
		969031CE2755643B00886506 /* Buillder */ = {
			isa = PBXGroup;
			children = (
				9692E19926F9227E00F43493 /* MockBuilder.swift */,
				969031DE275C099B00886506 /* MockSuperTableViewModel.swift */,
			);
			path = Buillder;
			sourceTree = "<group>";
		};
		969031D22755653000886506 /* Locator */ = {
			isa = PBXGroup;
			children = (
				9692E19426F9224A00F43493 /* SwiftUICellLocator.swift */,
			);
			path = Locator;
			sourceTree = "<group>";
		};
		969031D32755655200886506 /* Utility */ = {
			isa = PBXGroup;
			children = (
				9692E19E26F922BF00F43493 /* ViewExtension.swift */,
				9624793B27AF0093002CE450 /* ColorExtension.swift */,
			);
			path = Utility;
			sourceTree = "<group>";
		};
		969031D42755656D00886506 /* SupportingFiles */ = {
			isa = PBXGroup;
			children = (
				96717ED426B1E0E4004E7663 /* Main.storyboard */,
				96717ED726B1E0E5004E7663 /* Assets.xcassets */,
				96717ED926B1E0E6004E7663 /* LaunchScreen.storyboard */,
				96717EDC26B1E0E6004E7663 /* Info.plist */,
			);
			path = SupportingFiles;
			sourceTree = "<group>";
		};
		9692E1A326F922FF00F43493 /* Common */ = {
			isa = PBXGroup;
			children = (
				96717ECE26B1E0E4004E7663 /* AppDelegate.swift */,
				96717ED026B1E0E4004E7663 /* SceneDelegate.swift */,
			);
			path = Common;
			sourceTree = "<group>";
		};
/* End PBXGroup section */

/* Begin PBXNativeTarget section */
		96717ECA26B1E0E4004E7663 /* GenericTableView */ = {
			isa = PBXNativeTarget;
			buildConfigurationList = 96717EF526B1E0E6004E7663 /* Build configuration list for PBXNativeTarget "GenericTableView" */;
			buildPhases = (
				96717EC726B1E0E4004E7663 /* Sources */,
				96717EC826B1E0E4004E7663 /* Frameworks */,
				96717EC926B1E0E4004E7663 /* Resources */,
			);
			buildRules = (
			);
			dependencies = (
			);
			name = GenericTableView;
			productName = GenericTableView;
			productReference = 96717ECB26B1E0E4004E7663 /* GenericTableView.app */;
			productType = "com.apple.product-type.application";
		};
		96717EE026B1E0E6004E7663 /* GenericTableViewTests */ = {
			isa = PBXNativeTarget;
			buildConfigurationList = 96717EF826B1E0E6004E7663 /* Build configuration list for PBXNativeTarget "GenericTableViewTests" */;
			buildPhases = (
				96717EDD26B1E0E6004E7663 /* Sources */,
				96717EDE26B1E0E6004E7663 /* Frameworks */,
				96717EDF26B1E0E6004E7663 /* Resources */,
			);
			buildRules = (
			);
			dependencies = (
				96717EE326B1E0E6004E7663 /* PBXTargetDependency */,
			);
			name = GenericTableViewTests;
			productName = GenericTableViewTests;
			productReference = 96717EE126B1E0E6004E7663 /* GenericTableViewTests.xctest */;
			productType = "com.apple.product-type.bundle.unit-test";
		};
		96717EEB26B1E0E6004E7663 /* GenericTableViewUITests */ = {
			isa = PBXNativeTarget;
			buildConfigurationList = 96717EFB26B1E0E6004E7663 /* Build configuration list for PBXNativeTarget "GenericTableViewUITests" */;
			buildPhases = (
				96717EE826B1E0E6004E7663 /* Sources */,
				96717EE926B1E0E6004E7663 /* Frameworks */,
				96717EEA26B1E0E6004E7663 /* Resources */,
			);
			buildRules = (
			);
			dependencies = (
				96717EEE26B1E0E6004E7663 /* PBXTargetDependency */,
			);
			name = GenericTableViewUITests;
			productName = GenericTableViewUITests;
			productReference = 96717EEC26B1E0E6004E7663 /* GenericTableViewUITests.xctest */;
			productType = "com.apple.product-type.bundle.ui-testing";
		};
/* End PBXNativeTarget section */

/* Begin PBXProject section */
		96717EC326B1E0E4004E7663 /* Project object */ = {
			isa = PBXProject;
			attributes = {
				LastSwiftUpdateCheck = 1240;
				LastUpgradeCheck = 1240;
				TargetAttributes = {
					96717ECA26B1E0E4004E7663 = {
						CreatedOnToolsVersion = 12.4;
					};
					96717EE026B1E0E6004E7663 = {
						CreatedOnToolsVersion = 12.4;
						TestTargetID = 96717ECA26B1E0E4004E7663;
					};
					96717EEB26B1E0E6004E7663 = {
						CreatedOnToolsVersion = 12.4;
						TestTargetID = 96717ECA26B1E0E4004E7663;
					};
				};
			};
			buildConfigurationList = 96717EC626B1E0E4004E7663 /* Build configuration list for PBXProject "GenericTableView" */;
			compatibilityVersion = "Xcode 9.3";
			developmentRegion = en;
			hasScannedForEncodings = 0;
			knownRegions = (
				en,
				Base,
			);
			mainGroup = 96717EC226B1E0E4004E7663;
			productRefGroup = 96717ECC26B1E0E4004E7663 /* Products */;
			projectDirPath = "";
			projectRoot = "";
			targets = (
				96717ECA26B1E0E4004E7663 /* GenericTableView */,
				96717EE026B1E0E6004E7663 /* GenericTableViewTests */,
				96717EEB26B1E0E6004E7663 /* GenericTableViewUITests */,
			);
		};
/* End PBXProject section */

/* Begin PBXResourcesBuildPhase section */
		96717EC926B1E0E4004E7663 /* Resources */ = {
			isa = PBXResourcesBuildPhase;
			buildActionMask = 2147483647;
			files = (
				96717F2226B1E301004E7663 /* CustomTableCellTwo.xib in Resources */,
				96717F1926B1E2B8004E7663 /* CustomTableCellOne.xib in Resources */,
				96717EDB26B1E0E6004E7663 /* LaunchScreen.storyboard in Resources */,
				96717F0C26B1E1FE004E7663 /* SuperTableViewCell.xib in Resources */,
				96717ED826B1E0E5004E7663 /* Assets.xcassets in Resources */,
				96717ED626B1E0E4004E7663 /* Main.storyboard in Resources */,
			);
			runOnlyForDeploymentPostprocessing = 0;
		};
		96717EDF26B1E0E6004E7663 /* Resources */ = {
			isa = PBXResourcesBuildPhase;
			buildActionMask = 2147483647;
			files = (
			);
			runOnlyForDeploymentPostprocessing = 0;
		};
		96717EEA26B1E0E6004E7663 /* Resources */ = {
			isa = PBXResourcesBuildPhase;
			buildActionMask = 2147483647;
			files = (
			);
			runOnlyForDeploymentPostprocessing = 0;
		};
/* End PBXResourcesBuildPhase section */

/* Begin PBXSourcesBuildPhase section */
		96717EC726B1E0E4004E7663 /* Sources */ = {
			isa = PBXSourcesBuildPhase;
			buildActionMask = 2147483647;
			files = (
				96717ECF26B1E0E4004E7663 /* AppDelegate.swift in Sources */,
				9692E18D26F90C5700F43493 /* CustomTableCellViewModel.swift in Sources */,
				96717F0B26B1E1FE004E7663 /* SuperTableViewCell.swift in Sources */,
				9692E1B526FD096E00F43493 /* SuperTableViewCellView.swift in Sources */,
				96717F3526B866D0004E7663 /* SuperTableViewModel.swift in Sources */,
				969031DF275C099B00886506 /* MockSuperTableViewModel.swift in Sources */,
				9624793C27AF0093002CE450 /* ColorExtension.swift in Sources */,
				9692E1AD26FA640E00F43493 /* HostingTableViewCell.swift in Sources */,
				96717F3E26C05D09004E7663 /* CustomeSwiftuiTableCell.swift in Sources */,
				96717ED126B1E0E4004E7663 /* SceneDelegate.swift in Sources */,
				9692E19F26F922BF00F43493 /* ViewExtension.swift in Sources */,
				9692E19526F9224A00F43493 /* SwiftUICellLocator.swift in Sources */,
				96717F0226B1E171004E7663 /* SuperTableViewController.swift in Sources */,
				96717F2726B1E32C004E7663 /* CustomTableCellTwo.swift in Sources */,
				96717F1126B1E28F004E7663 /* CustomTableCellOne.swift in Sources */,
				9692E1A826FA5C4B00F43493 /* HomeViewController.swift in Sources */,
				9692E19A26F9227E00F43493 /* MockBuilder.swift in Sources */,
			);
			runOnlyForDeploymentPostprocessing = 0;
		};
		96717EDD26B1E0E6004E7663 /* Sources */ = {
			isa = PBXSourcesBuildPhase;
			buildActionMask = 2147483647;
			files = (
				96717EE626B1E0E6004E7663 /* GenericTableViewTests.swift in Sources */,
			);
			runOnlyForDeploymentPostprocessing = 0;
		};
		96717EE826B1E0E6004E7663 /* Sources */ = {
			isa = PBXSourcesBuildPhase;
			buildActionMask = 2147483647;
			files = (
				96717EF126B1E0E6004E7663 /* GenericTableViewUITests.swift in Sources */,
			);
			runOnlyForDeploymentPostprocessing = 0;
		};
/* End PBXSourcesBuildPhase section */

/* Begin PBXTargetDependency section */
		96717EE326B1E0E6004E7663 /* PBXTargetDependency */ = {
			isa = PBXTargetDependency;
			target = 96717ECA26B1E0E4004E7663 /* GenericTableView */;
			targetProxy = 96717EE226B1E0E6004E7663 /* PBXContainerItemProxy */;
		};
		96717EEE26B1E0E6004E7663 /* PBXTargetDependency */ = {
			isa = PBXTargetDependency;
			target = 96717ECA26B1E0E4004E7663 /* GenericTableView */;
			targetProxy = 96717EED26B1E0E6004E7663 /* PBXContainerItemProxy */;
		};
/* End PBXTargetDependency section */

/* Begin PBXVariantGroup section */
		96717ED426B1E0E4004E7663 /* Main.storyboard */ = {
			isa = PBXVariantGroup;
			children = (
				96717ED526B1E0E4004E7663 /* Base */,
			);
			name = Main.storyboard;
			sourceTree = "<group>";
		};
		96717ED926B1E0E6004E7663 /* LaunchScreen.storyboard */ = {
			isa = PBXVariantGroup;
			children = (
				96717EDA26B1E0E6004E7663 /* Base */,
			);
			name = LaunchScreen.storyboard;
			sourceTree = "<group>";
		};
/* End PBXVariantGroup section */

/* Begin XCBuildConfiguration section */
		96717EF326B1E0E6004E7663 /* Debug */ = {
			isa = XCBuildConfiguration;
			buildSettings = {
				ALWAYS_SEARCH_USER_PATHS = NO;
				CLANG_ANALYZER_NONNULL = YES;
				CLANG_ANALYZER_NUMBER_OBJECT_CONVERSION = YES_AGGRESSIVE;
				CLANG_CXX_LANGUAGE_STANDARD = "gnu++14";
				CLANG_CXX_LIBRARY = "libc++";
				CLANG_ENABLE_MODULES = YES;
				CLANG_ENABLE_OBJC_ARC = YES;
				CLANG_ENABLE_OBJC_WEAK = YES;
				CLANG_WARN_BLOCK_CAPTURE_AUTORELEASING = YES;
				CLANG_WARN_BOOL_CONVERSION = YES;
				CLANG_WARN_COMMA = YES;
				CLANG_WARN_CONSTANT_CONVERSION = YES;
				CLANG_WARN_DEPRECATED_OBJC_IMPLEMENTATIONS = YES;
				CLANG_WARN_DIRECT_OBJC_ISA_USAGE = YES_ERROR;
				CLANG_WARN_DOCUMENTATION_COMMENTS = YES;
				CLANG_WARN_EMPTY_BODY = YES;
				CLANG_WARN_ENUM_CONVERSION = YES;
				CLANG_WARN_INFINITE_RECURSION = YES;
				CLANG_WARN_INT_CONVERSION = YES;
				CLANG_WARN_NON_LITERAL_NULL_CONVERSION = YES;
				CLANG_WARN_OBJC_IMPLICIT_RETAIN_SELF = YES;
				CLANG_WARN_OBJC_LITERAL_CONVERSION = YES;
				CLANG_WARN_OBJC_ROOT_CLASS = YES_ERROR;
				CLANG_WARN_QUOTED_INCLUDE_IN_FRAMEWORK_HEADER = YES;
				CLANG_WARN_RANGE_LOOP_ANALYSIS = YES;
				CLANG_WARN_STRICT_PROTOTYPES = YES;
				CLANG_WARN_SUSPICIOUS_MOVE = YES;
				CLANG_WARN_UNGUARDED_AVAILABILITY = YES_AGGRESSIVE;
				CLANG_WARN_UNREACHABLE_CODE = YES;
				CLANG_WARN__DUPLICATE_METHOD_MATCH = YES;
				COPY_PHASE_STRIP = NO;
				DEBUG_INFORMATION_FORMAT = dwarf;
				ENABLE_STRICT_OBJC_MSGSEND = YES;
				ENABLE_TESTABILITY = YES;
				GCC_C_LANGUAGE_STANDARD = gnu11;
				GCC_DYNAMIC_NO_PIC = NO;
				GCC_NO_COMMON_BLOCKS = YES;
				GCC_OPTIMIZATION_LEVEL = 0;
				GCC_PREPROCESSOR_DEFINITIONS = (
					"DEBUG=1",
					"$(inherited)",
				);
				GCC_WARN_64_TO_32_BIT_CONVERSION = YES;
				GCC_WARN_ABOUT_RETURN_TYPE = YES_ERROR;
				GCC_WARN_UNDECLARED_SELECTOR = YES;
				GCC_WARN_UNINITIALIZED_AUTOS = YES_AGGRESSIVE;
				GCC_WARN_UNUSED_FUNCTION = YES;
				GCC_WARN_UNUSED_VARIABLE = YES;
				IPHONEOS_DEPLOYMENT_TARGET = 14.4;
				MTL_ENABLE_DEBUG_INFO = INCLUDE_SOURCE;
				MTL_FAST_MATH = YES;
				ONLY_ACTIVE_ARCH = YES;
				SDKROOT = iphoneos;
				SWIFT_ACTIVE_COMPILATION_CONDITIONS = DEBUG;
				SWIFT_OPTIMIZATION_LEVEL = "-Onone";
			};
			name = Debug;
		};
		96717EF426B1E0E6004E7663 /* Release */ = {
			isa = XCBuildConfiguration;
			buildSettings = {
				ALWAYS_SEARCH_USER_PATHS = NO;
				CLANG_ANALYZER_NONNULL = YES;
				CLANG_ANALYZER_NUMBER_OBJECT_CONVERSION = YES_AGGRESSIVE;
				CLANG_CXX_LANGUAGE_STANDARD = "gnu++14";
				CLANG_CXX_LIBRARY = "libc++";
				CLANG_ENABLE_MODULES = YES;
				CLANG_ENABLE_OBJC_ARC = YES;
				CLANG_ENABLE_OBJC_WEAK = YES;
				CLANG_WARN_BLOCK_CAPTURE_AUTORELEASING = YES;
				CLANG_WARN_BOOL_CONVERSION = YES;
				CLANG_WARN_COMMA = YES;
				CLANG_WARN_CONSTANT_CONVERSION = YES;
				CLANG_WARN_DEPRECATED_OBJC_IMPLEMENTATIONS = YES;
				CLANG_WARN_DIRECT_OBJC_ISA_USAGE = YES_ERROR;
				CLANG_WARN_DOCUMENTATION_COMMENTS = YES;
				CLANG_WARN_EMPTY_BODY = YES;
				CLANG_WARN_ENUM_CONVERSION = YES;
				CLANG_WARN_INFINITE_RECURSION = YES;
				CLANG_WARN_INT_CONVERSION = YES;
				CLANG_WARN_NON_LITERAL_NULL_CONVERSION = YES;
				CLANG_WARN_OBJC_IMPLICIT_RETAIN_SELF = YES;
				CLANG_WARN_OBJC_LITERAL_CONVERSION = YES;
				CLANG_WARN_OBJC_ROOT_CLASS = YES_ERROR;
				CLANG_WARN_QUOTED_INCLUDE_IN_FRAMEWORK_HEADER = YES;
				CLANG_WARN_RANGE_LOOP_ANALYSIS = YES;
				CLANG_WARN_STRICT_PROTOTYPES = YES;
				CLANG_WARN_SUSPICIOUS_MOVE = YES;
				CLANG_WARN_UNGUARDED_AVAILABILITY = YES_AGGRESSIVE;
				CLANG_WARN_UNREACHABLE_CODE = YES;
				CLANG_WARN__DUPLICATE_METHOD_MATCH = YES;
				COPY_PHASE_STRIP = NO;
				DEBUG_INFORMATION_FORMAT = "dwarf-with-dsym";
				ENABLE_NS_ASSERTIONS = NO;
				ENABLE_STRICT_OBJC_MSGSEND = YES;
				GCC_C_LANGUAGE_STANDARD = gnu11;
				GCC_NO_COMMON_BLOCKS = YES;
				GCC_WARN_64_TO_32_BIT_CONVERSION = YES;
				GCC_WARN_ABOUT_RETURN_TYPE = YES_ERROR;
				GCC_WARN_UNDECLARED_SELECTOR = YES;
				GCC_WARN_UNINITIALIZED_AUTOS = YES_AGGRESSIVE;
				GCC_WARN_UNUSED_FUNCTION = YES;
				GCC_WARN_UNUSED_VARIABLE = YES;
				IPHONEOS_DEPLOYMENT_TARGET = 14.4;
				MTL_ENABLE_DEBUG_INFO = NO;
				MTL_FAST_MATH = YES;
				SDKROOT = iphoneos;
				SWIFT_COMPILATION_MODE = wholemodule;
				SWIFT_OPTIMIZATION_LEVEL = "-O";
				VALIDATE_PRODUCT = YES;
			};
			name = Release;
		};
		96717EF626B1E0E6004E7663 /* Debug */ = {
			isa = XCBuildConfiguration;
			buildSettings = {
				ASSETCATALOG_COMPILER_APPICON_NAME = AppIcon;
				ASSETCATALOG_COMPILER_GLOBAL_ACCENT_COLOR_NAME = AccentColor;
				CODE_SIGN_STYLE = Automatic;
				INFOPLIST_FILE = GenericTableView/SupportingFiles/Info.plist;
				LD_RUNPATH_SEARCH_PATHS = (
					"$(inherited)",
					"@executable_path/Frameworks",
				);
				PRODUCT_BUNDLE_IDENTIFIER = com.initiator.GenericTableView;
				PRODUCT_NAME = "$(TARGET_NAME)";
				SWIFT_VERSION = 5.0;
				TARGETED_DEVICE_FAMILY = "1,2";
			};
			name = Debug;
		};
		96717EF726B1E0E6004E7663 /* Release */ = {
			isa = XCBuildConfiguration;
			buildSettings = {
				ASSETCATALOG_COMPILER_APPICON_NAME = AppIcon;
				ASSETCATALOG_COMPILER_GLOBAL_ACCENT_COLOR_NAME = AccentColor;
				CODE_SIGN_STYLE = Automatic;
				INFOPLIST_FILE = GenericTableView/SupportingFiles/Info.plist;
				LD_RUNPATH_SEARCH_PATHS = (
					"$(inherited)",
					"@executable_path/Frameworks",
				);
				PRODUCT_BUNDLE_IDENTIFIER = com.initiator.GenericTableView;
				PRODUCT_NAME = "$(TARGET_NAME)";
				SWIFT_VERSION = 5.0;
				TARGETED_DEVICE_FAMILY = "1,2";
			};
			name = Release;
		};
		96717EF926B1E0E6004E7663 /* Debug */ = {
			isa = XCBuildConfiguration;
			buildSettings = {
				ALWAYS_EMBED_SWIFT_STANDARD_LIBRARIES = YES;
				BUNDLE_LOADER = "$(TEST_HOST)";
				CODE_SIGN_STYLE = Automatic;
				INFOPLIST_FILE = GenericTableViewTests/Info.plist;
				IPHONEOS_DEPLOYMENT_TARGET = 14.4;
				LD_RUNPATH_SEARCH_PATHS = (
					"$(inherited)",
					"@executable_path/Frameworks",
					"@loader_path/Frameworks",
				);
				PRODUCT_BUNDLE_IDENTIFIER = com.initiator.GenericTableViewTests;
				PRODUCT_NAME = "$(TARGET_NAME)";
				SWIFT_VERSION = 5.0;
				TARGETED_DEVICE_FAMILY = "1,2";
				TEST_HOST = "$(BUILT_PRODUCTS_DIR)/GenericTableView.app/GenericTableView";
			};
			name = Debug;
		};
		96717EFA26B1E0E6004E7663 /* Release */ = {
			isa = XCBuildConfiguration;
			buildSettings = {
				ALWAYS_EMBED_SWIFT_STANDARD_LIBRARIES = YES;
				BUNDLE_LOADER = "$(TEST_HOST)";
				CODE_SIGN_STYLE = Automatic;
				INFOPLIST_FILE = GenericTableViewTests/Info.plist;
				IPHONEOS_DEPLOYMENT_TARGET = 14.4;
				LD_RUNPATH_SEARCH_PATHS = (
					"$(inherited)",
					"@executable_path/Frameworks",
					"@loader_path/Frameworks",
				);
				PRODUCT_BUNDLE_IDENTIFIER = com.initiator.GenericTableViewTests;
				PRODUCT_NAME = "$(TARGET_NAME)";
				SWIFT_VERSION = 5.0;
				TARGETED_DEVICE_FAMILY = "1,2";
				TEST_HOST = "$(BUILT_PRODUCTS_DIR)/GenericTableView.app/GenericTableView";
			};
			name = Release;
		};
		96717EFC26B1E0E6004E7663 /* Debug */ = {
			isa = XCBuildConfiguration;
			buildSettings = {
				ALWAYS_EMBED_SWIFT_STANDARD_LIBRARIES = YES;
				CODE_SIGN_STYLE = Automatic;
				INFOPLIST_FILE = GenericTableViewUITests/Info.plist;
				LD_RUNPATH_SEARCH_PATHS = (
					"$(inherited)",
					"@executable_path/Frameworks",
					"@loader_path/Frameworks",
				);
				PRODUCT_BUNDLE_IDENTIFIER = com.initiator.GenericTableViewUITests;
				PRODUCT_NAME = "$(TARGET_NAME)";
				SWIFT_VERSION = 5.0;
				TARGETED_DEVICE_FAMILY = "1,2";
				TEST_TARGET_NAME = GenericTableView;
			};
			name = Debug;
		};
		96717EFD26B1E0E6004E7663 /* Release */ = {
			isa = XCBuildConfiguration;
			buildSettings = {
				ALWAYS_EMBED_SWIFT_STANDARD_LIBRARIES = YES;
				CODE_SIGN_STYLE = Automatic;
				INFOPLIST_FILE = GenericTableViewUITests/Info.plist;
				LD_RUNPATH_SEARCH_PATHS = (
					"$(inherited)",
					"@executable_path/Frameworks",
					"@loader_path/Frameworks",
				);
				PRODUCT_BUNDLE_IDENTIFIER = com.initiator.GenericTableViewUITests;
				PRODUCT_NAME = "$(TARGET_NAME)";
				SWIFT_VERSION = 5.0;
				TARGETED_DEVICE_FAMILY = "1,2";
				TEST_TARGET_NAME = GenericTableView;
			};
			name = Release;
		};
/* End XCBuildConfiguration section */

/* Begin XCConfigurationList section */
		96717EC626B1E0E4004E7663 /* Build configuration list for PBXProject "GenericTableView" */ = {
			isa = XCConfigurationList;
			buildConfigurations = (
				96717EF326B1E0E6004E7663 /* Debug */,
				96717EF426B1E0E6004E7663 /* Release */,
			);
			defaultConfigurationIsVisible = 0;
			defaultConfigurationName = Release;
		};
		96717EF526B1E0E6004E7663 /* Build configuration list for PBXNativeTarget "GenericTableView" */ = {
			isa = XCConfigurationList;
			buildConfigurations = (
				96717EF626B1E0E6004E7663 /* Debug */,
				96717EF726B1E0E6004E7663 /* Release */,
			);
			defaultConfigurationIsVisible = 0;
			defaultConfigurationName = Release;
		};
		96717EF826B1E0E6004E7663 /* Build configuration list for PBXNativeTarget "GenericTableViewTests" */ = {
			isa = XCConfigurationList;
			buildConfigurations = (
				96717EF926B1E0E6004E7663 /* Debug */,
				96717EFA26B1E0E6004E7663 /* Release */,
			);
			defaultConfigurationIsVisible = 0;
			defaultConfigurationName = Release;
		};
		96717EFB26B1E0E6004E7663 /* Build configuration list for PBXNativeTarget "GenericTableViewUITests" */ = {
			isa = XCConfigurationList;
			buildConfigurations = (
				96717EFC26B1E0E6004E7663 /* Debug */,
				96717EFD26B1E0E6004E7663 /* Release */,
			);
			defaultConfigurationIsVisible = 0;
			defaultConfigurationName = Release;
		};
/* End XCConfigurationList section */
	};
	rootObject = 96717EC326B1E0E4004E7663 /* Project object */;
}
